
Microsoft Visual Studio Solution File, Format Version 12.00
# Visual Studio Version 16
VisualStudioVersion = 16.0.31402.337
MinimumVisualStudioVersion = 10.0.40219.1
Project("{FAE04EC0-301F-11D3-BF4B-00C04F79EFBC}") = "Quiz 7", "Quiz 7\Quiz 7.csproj", "{1F61EE27-11F1-4690-BA58-0FF0F1B3AF80}"
EndProject
Global
	GlobalSection(SolutionConfigurationPlatforms) = preSolution
		Debug|Any CPU = Debug|Any CPU
		Release|Any CPU = Release|Any CPU
	EndGlobalSection
	GlobalSection(ProjectConfigurationPlatforms) = postSolution
		{1F61EE27-11F1-4690-BA58-0FF0F1B3AF80}.Debug|Any CPU.ActiveCfg = Debug|Any CPU
		{1F61EE27-11F1-4690-BA58-0FF0F1B3AF80}.Debug|Any CPU.Build.0 = Debug|Any CPU
		{1F61EE27-11F1-4690-BA58-0FF0F1B3AF80}.Release|Any CPU.ActiveCfg = Release|Any CPU
		{1F61EE27-11F1-4690-BA58-0FF0F1B3AF80}.Release|Any CPU.Build.0 = Release|Any CPU
	EndGlobalSection
	GlobalSection(SolutionProperties) = preSolution
		HideSolutionNode = FALSE
	EndGlobalSection
	GlobalSection(ExtensibilityGlobals) = postSolution
		SolutionGuid = {C7EEAEEF-018B-4F5F-90A1-F67CD087AF2C}
	EndGlobalSection
EndGlobal
