
Microsoft Visual Studio Solution File, Format Version 12.00
Project("{FAE04EC0-301F-11D3-BF4B-00C04F79EFBC}") = "Assignment 4", "Assignment 4.csproj", "{F61A2825-7EDB-4248-B56A-BB71E2BC290E}"
EndProject
Global
	GlobalSection(SolutionConfigurationPlatforms) = preSolution
		Debug|Any CPU = Debug|Any CPU
		Release|Any CPU = Release|Any CPU
	EndGlobalSection
	GlobalSection(ProjectConfigurationPlatforms) = postSolution
		{F61A2825-7EDB-4248-B56A-BB71E2BC290E}.Debug|Any CPU.ActiveCfg = Debug|Any CPU
		{F61A2825-7EDB-4248-B56A-BB71E2BC290E}.Debug|Any CPU.Build.0 = Debug|Any CPU
		{F61A2825-7EDB-4248-B56A-BB71E2BC290E}.Release|Any CPU.ActiveCfg = Release|Any CPU
		{F61A2825-7EDB-4248-B56A-BB71E2BC290E}.Release|Any CPU.Build.0 = Release|Any CPU
	EndGlobalSection
EndGlobal
