
Microsoft Visual Studio Solution File, Format Version 12.00
Project("{FAE04EC0-301F-11D3-BF4B-00C04F79EFBC}") = "Quiz 4", "Quiz 4.csproj", "{6787EE1C-A878-43FF-BD35-D14F0C0C5E16}"
EndProject
Global
	GlobalSection(SolutionConfigurationPlatforms) = preSolution
		Debug|Any CPU = Debug|Any CPU
		Release|Any CPU = Release|Any CPU
	EndGlobalSection
	GlobalSection(ProjectConfigurationPlatforms) = postSolution
		{6787EE1C-A878-43FF-BD35-D14F0C0C5E16}.Debug|Any CPU.ActiveCfg = Debug|Any CPU
		{6787EE1C-A878-43FF-BD35-D14F0C0C5E16}.Debug|Any CPU.Build.0 = Debug|Any CPU
		{6787EE1C-A878-43FF-BD35-D14F0C0C5E16}.Release|Any CPU.ActiveCfg = Release|Any CPU
		{6787EE1C-A878-43FF-BD35-D14F0C0C5E16}.Release|Any CPU.Build.0 = Release|Any CPU
	EndGlobalSection
EndGlobal
