
Microsoft Visual Studio Solution File, Format Version 12.00
Project("{FAE04EC0-301F-11D3-BF4B-00C04F79EFBC}") = "Lab Sessional 2", "Lab Sessional 2.csproj", "{181FA1C2-8B20-45B1-915C-0E8034C7F3DA}"
EndProject
Global
	GlobalSection(SolutionConfigurationPlatforms) = preSolution
		Debug|Any CPU = Debug|Any CPU
		Release|Any CPU = Release|Any CPU
	EndGlobalSection
	GlobalSection(ProjectConfigurationPlatforms) = postSolution
		{181FA1C2-8B20-45B1-915C-0E8034C7F3DA}.Debug|Any CPU.ActiveCfg = Debug|Any CPU
		{181FA1C2-8B20-45B1-915C-0E8034C7F3DA}.Debug|Any CPU.Build.0 = Debug|Any CPU
		{181FA1C2-8B20-45B1-915C-0E8034C7F3DA}.Release|Any CPU.ActiveCfg = Release|Any CPU
		{181FA1C2-8B20-45B1-915C-0E8034C7F3DA}.Release|Any CPU.Build.0 = Release|Any CPU
	EndGlobalSection
EndGlobal
